
Microsoft Visual Studio Solution File, Format Version 12.00
# Visual Studio Version 17
VisualStudioVersion = 17.2.32526.322
MinimumVisualStudioVersion = 10.0.40219.1
Project("{FAE04EC0-301F-11D3-BF4B-00C04F79EFBC}") = "API.DarkShame", "API.DarkShame\API.DarkShame.csproj", "{768B45B8-D26D-40B8-BED1-3F3C45BFDACD}"
EndProject
Project("{FAE04EC0-301F-11D3-BF4B-00C04F79EFBC}") = "API.DarkShame.Domain", "API.DarkShame.Domain\API.DarkShame.Domain.csproj", "{B3003D34-13AF-4A26-8F57-2FB7A0F37A8E}"
EndProject
Project("{FAE04EC0-301F-11D3-BF4B-00C04F79EFBC}") = "API.DarkShame.Infra", "API.DarkShame.Infra\API.DarkShame.Infra.csproj", "{CBAF1F60-E6FD-482C-9FF0-0B8B9E5883EC}"
EndProject
Project("{FAE04EC0-301F-11D3-BF4B-00C04F79EFBC}") = "API.DarkShame.Services", "API.DarkShame.Services\API.DarkShame.Services.csproj", "{328A8625-C4F0-46AD-B24F-D90CBA57CE43}"
EndProject
Project("{FAE04EC0-301F-11D3-BF4B-00C04F79EFBC}") = "API.DarkShame.Utility", "API.DarkShame.Utility\API.DarkShame.Utility.csproj", "{7F8AEBB5-410B-4F8D-B892-DA8DD293A3C2}"
EndProject
Global
	GlobalSection(SolutionConfigurationPlatforms) = preSolution
		Debug|Any CPU = Debug|Any CPU
		Release|Any CPU = Release|Any CPU
	EndGlobalSection
	GlobalSection(ProjectConfigurationPlatforms) = postSolution
		{768B45B8-D26D-40B8-BED1-3F3C45BFDACD}.Debug|Any CPU.ActiveCfg = Debug|Any CPU
		{768B45B8-D26D-40B8-BED1-3F3C45BFDACD}.Debug|Any CPU.Build.0 = Debug|Any CPU
		{768B45B8-D26D-40B8-BED1-3F3C45BFDACD}.Release|Any CPU.ActiveCfg = Release|Any CPU
		{768B45B8-D26D-40B8-BED1-3F3C45BFDACD}.Release|Any CPU.Build.0 = Release|Any CPU
		{B3003D34-13AF-4A26-8F57-2FB7A0F37A8E}.Debug|Any CPU.ActiveCfg = Debug|Any CPU
		{B3003D34-13AF-4A26-8F57-2FB7A0F37A8E}.Debug|Any CPU.Build.0 = Debug|Any CPU
		{B3003D34-13AF-4A26-8F57-2FB7A0F37A8E}.Release|Any CPU.ActiveCfg = Release|Any CPU
		{B3003D34-13AF-4A26-8F57-2FB7A0F37A8E}.Release|Any CPU.Build.0 = Release|Any CPU
		{CBAF1F60-E6FD-482C-9FF0-0B8B9E5883EC}.Debug|Any CPU.ActiveCfg = Debug|Any CPU
		{CBAF1F60-E6FD-482C-9FF0-0B8B9E5883EC}.Debug|Any CPU.Build.0 = Debug|Any CPU
		{CBAF1F60-E6FD-482C-9FF0-0B8B9E5883EC}.Release|Any CPU.ActiveCfg = Release|Any CPU
		{CBAF1F60-E6FD-482C-9FF0-0B8B9E5883EC}.Release|Any CPU.Build.0 = Release|Any CPU
		{328A8625-C4F0-46AD-B24F-D90CBA57CE43}.Debug|Any CPU.ActiveCfg = Debug|Any CPU
		{328A8625-C4F0-46AD-B24F-D90CBA57CE43}.Debug|Any CPU.Build.0 = Debug|Any CPU
		{328A8625-C4F0-46AD-B24F-D90CBA57CE43}.Release|Any CPU.ActiveCfg = Release|Any CPU
		{328A8625-C4F0-46AD-B24F-D90CBA57CE43}.Release|Any CPU.Build.0 = Release|Any CPU
		{7F8AEBB5-410B-4F8D-B892-DA8DD293A3C2}.Debug|Any CPU.ActiveCfg = Debug|Any CPU
		{7F8AEBB5-410B-4F8D-B892-DA8DD293A3C2}.Debug|Any CPU.Build.0 = Debug|Any CPU
		{7F8AEBB5-410B-4F8D-B892-DA8DD293A3C2}.Release|Any CPU.ActiveCfg = Release|Any CPU
		{7F8AEBB5-410B-4F8D-B892-DA8DD293A3C2}.Release|Any CPU.Build.0 = Release|Any CPU
	EndGlobalSection
	GlobalSection(SolutionProperties) = preSolution
		HideSolutionNode = FALSE
	EndGlobalSection
	GlobalSection(ExtensibilityGlobals) = postSolution
		SolutionGuid = {2329F037-8F24-4EAC-A848-D990920E7DF5}
	EndGlobalSection
EndGlobal
